// !$*UTF8*$!
{
	archiveVersion = 1;
	classes = {
	};
	objectVersion = 56;
	objects = {

/* Begin PBXBuildFile section */
		03348BD52B66E0F9002F1257 /* MainPageViewViewModel.swift in Sources */ = {isa = PBXBuildFile; fileRef = 03348BD42B66E0F9002F1257 /* MainPageViewViewModel.swift */; };
		03348BDB2B67031B002F1257 /* CreaterDetailsView.swift in Sources */ = {isa = PBXBuildFile; fileRef = 03348BDA2B67031B002F1257 /* CreaterDetailsView.swift */; };
		0387DCEC2B627D3D005B1E77 /* tummocApp.swift in Sources */ = {isa = PBXBuildFile; fileRef = 0387DCEB2B627D3D005B1E77 /* tummocApp.swift */; };
		0387DCEE2B627D3D005B1E77 /* MainPageView.swift in Sources */ = {isa = PBXBuildFile; fileRef = 0387DCED2B627D3D005B1E77 /* MainPageView.swift */; };
		0387DCF02B627D3F005B1E77 /* Assets.xcassets in Resources */ = {isa = PBXBuildFile; fileRef = 0387DCEF2B627D3F005B1E77 /* Assets.xcassets */; };
		0387DCF32B627D3F005B1E77 /* Preview Assets.xcassets in Resources */ = {isa = PBXBuildFile; fileRef = 0387DCF22B627D3F005B1E77 /* Preview Assets.xcassets */; };
		0387DCFA2B62884F005B1E77 /* item.swift in Sources */ = {isa = PBXBuildFile; fileRef = 0387DCF92B62884F005B1E77 /* item.swift */; };
		0387DCFC2B6288EA005B1E77 /* ItemRowView.swift in Sources */ = {isa = PBXBuildFile; fileRef = 0387DCFB2B6288EA005B1E77 /* ItemRowView.swift */; };
		0387DCFE2B628948005B1E77 /* ItemDetailView.swift in Sources */ = {isa = PBXBuildFile; fileRef = 0387DCFD2B628948005B1E77 /* ItemDetailView.swift */; };
		0387DD002B628A00005B1E77 /* CartView.swift in Sources */ = {isa = PBXBuildFile; fileRef = 0387DCFF2B628A00005B1E77 /* CartView.swift */; };
		0387DD022B628EBB005B1E77 /* FavoritesView.swift in Sources */ = {isa = PBXBuildFile; fileRef = 0387DD012B628EBB005B1E77 /* FavoritesView.swift */; };
		0387DD042B628F36005B1E77 /* URLImage.swift in Sources */ = {isa = PBXBuildFile; fileRef = 0387DD032B628F36005B1E77 /* URLImage.swift */; };
		0387DD062B62AF89005B1E77 /* FloatingCategoriesButton.swift in Sources */ = {isa = PBXBuildFile; fileRef = 0387DD052B62AF89005B1E77 /* FloatingCategoriesButton.swift */; };
		0387DD082B62AFC3005B1E77 /* CategoriesSheet.swift in Sources */ = {isa = PBXBuildFile; fileRef = 0387DD072B62AFC3005B1E77 /* CategoriesSheet.swift */; };
/* End PBXBuildFile section */

/* Begin PBXFileReference section */
		03348BD42B66E0F9002F1257 /* MainPageViewViewModel.swift */ = {isa = PBXFileReference; lastKnownFileType = sourcecode.swift; path = MainPageViewViewModel.swift; sourceTree = "<group>"; };
		03348BDA2B67031B002F1257 /* CreaterDetailsView.swift */ = {isa = PBXFileReference; lastKnownFileType = sourcecode.swift; path = CreaterDetailsView.swift; sourceTree = "<group>"; };
		0387DCE82B627D3D005B1E77 /* tummoc.app */ = {isa = PBXFileReference; explicitFileType = wrapper.application; includeInIndex = 0; path = tummoc.app; sourceTree = BUILT_PRODUCTS_DIR; };
		0387DCEB2B627D3D005B1E77 /* tummocApp.swift */ = {isa = PBXFileReference; lastKnownFileType = sourcecode.swift; path = tummocApp.swift; sourceTree = "<group>"; };
		0387DCED2B627D3D005B1E77 /* MainPageView.swift */ = {isa = PBXFileReference; lastKnownFileType = sourcecode.swift; path = MainPageView.swift; sourceTree = "<group>"; };
		0387DCEF2B627D3F005B1E77 /* Assets.xcassets */ = {isa = PBXFileReference; lastKnownFileType = folder.assetcatalog; path = Assets.xcassets; sourceTree = "<group>"; };
		0387DCF22B627D3F005B1E77 /* Preview Assets.xcassets */ = {isa = PBXFileReference; lastKnownFileType = folder.assetcatalog; path = "Preview Assets.xcassets"; sourceTree = "<group>"; };
		0387DCF92B62884F005B1E77 /* item.swift */ = {isa = PBXFileReference; lastKnownFileType = sourcecode.swift; path = item.swift; sourceTree = "<group>"; };
		0387DCFB2B6288EA005B1E77 /* ItemRowView.swift */ = {isa = PBXFileReference; lastKnownFileType = sourcecode.swift; path = ItemRowView.swift; sourceTree = "<group>"; };
		0387DCFD2B628948005B1E77 /* ItemDetailView.swift */ = {isa = PBXFileReference; lastKnownFileType = sourcecode.swift; path = ItemDetailView.swift; sourceTree = "<group>"; };
		0387DCFF2B628A00005B1E77 /* CartView.swift */ = {isa = PBXFileReference; lastKnownFileType = sourcecode.swift; path = CartView.swift; sourceTree = "<group>"; };
		0387DD012B628EBB005B1E77 /* FavoritesView.swift */ = {isa = PBXFileReference; lastKnownFileType = sourcecode.swift; path = FavoritesView.swift; sourceTree = "<group>"; };
		0387DD032B628F36005B1E77 /* URLImage.swift */ = {isa = PBXFileReference; lastKnownFileType = sourcecode.swift; path = URLImage.swift; sourceTree = "<group>"; };
		0387DD052B62AF89005B1E77 /* FloatingCategoriesButton.swift */ = {isa = PBXFileReference; lastKnownFileType = sourcecode.swift; path = FloatingCategoriesButton.swift; sourceTree = "<group>"; };
		0387DD072B62AFC3005B1E77 /* CategoriesSheet.swift */ = {isa = PBXFileReference; lastKnownFileType = sourcecode.swift; path = CategoriesSheet.swift; sourceTree = "<group>"; };
/* End PBXFileReference section */

/* Begin PBXFrameworksBuildPhase section */
		0387DCE52B627D3D005B1E77 /* Frameworks */ = {
			isa = PBXFrameworksBuildPhase;
			buildActionMask = 2147483647;
			files = (
			);
			runOnlyForDeploymentPostprocessing = 0;
		};
/* End PBXFrameworksBuildPhase section */

/* Begin PBXGroup section */
		03348BDC2B67582E002F1257 /* Model */ = {
			isa = PBXGroup;
			children = (
				0387DCF92B62884F005B1E77 /* item.swift */,
			);
			path = Model;
			sourceTree = "<group>";
		};
		03348BDD2B67583E002F1257 /* View */ = {
			isa = PBXGroup;
			children = (
				03348BDA2B67031B002F1257 /* CreaterDetailsView.swift */,
				0387DCFB2B6288EA005B1E77 /* ItemRowView.swift */,
				0387DCFF2B628A00005B1E77 /* CartView.swift */,
				0387DD032B628F36005B1E77 /* URLImage.swift */,
				0387DD012B628EBB005B1E77 /* FavoritesView.swift */,
				0387DD052B62AF89005B1E77 /* FloatingCategoriesButton.swift */,
				0387DD072B62AFC3005B1E77 /* CategoriesSheet.swift */,
				0387DCFD2B628948005B1E77 /* ItemDetailView.swift */,
				0387DCED2B627D3D005B1E77 /* MainPageView.swift */,
			);
			path = View;
			sourceTree = "<group>";
		};
		03348BDE2B67584F002F1257 /* ViewModel */ = {
			isa = PBXGroup;
			children = (
				03348BD42B66E0F9002F1257 /* MainPageViewViewModel.swift */,
			);
			path = ViewModel;
			sourceTree = "<group>";
		};
		0387DCDF2B627D3D005B1E77 = {
			isa = PBXGroup;
			children = (
				0387DCEA2B627D3D005B1E77 /* tummoc */,
				0387DCE92B627D3D005B1E77 /* Products */,
			);
			sourceTree = "<group>";
		};
		0387DCE92B627D3D005B1E77 /* Products */ = {
			isa = PBXGroup;
			children = (
				0387DCE82B627D3D005B1E77 /* tummoc.app */,
			);
			name = Products;
			sourceTree = "<group>";
		};
		0387DCEA2B627D3D005B1E77 /* tummoc */ = {
			isa = PBXGroup;
			children = (
				03348BDE2B67584F002F1257 /* ViewModel */,
				03348BDD2B67583E002F1257 /* View */,
				03348BDC2B67582E002F1257 /* Model */,
				0387DCEB2B627D3D005B1E77 /* tummocApp.swift */,
				0387DCEF2B627D3F005B1E77 /* Assets.xcassets */,
				0387DCF12B627D3F005B1E77 /* Preview Content */,
			);
			path = tummoc;
			sourceTree = "<group>";
		};
		0387DCF12B627D3F005B1E77 /* Preview Content */ = {
			isa = PBXGroup;
			children = (
				0387DCF22B627D3F005B1E77 /* Preview Assets.xcassets */,
			);
			path = "Preview Content";
			sourceTree = "<group>";
		};
/* End PBXGroup section */

/* Begin PBXNativeTarget section */
		0387DCE72B627D3D005B1E77 /* tummoc */ = {
			isa = PBXNativeTarget;
			buildConfigurationList = 0387DCF62B627D3F005B1E77 /* Build configuration list for PBXNativeTarget "tummoc" */;
			buildPhases = (
				0387DCE42B627D3D005B1E77 /* Sources */,
				0387DCE52B627D3D005B1E77 /* Frameworks */,
				0387DCE62B627D3D005B1E77 /* Resources */,
			);
			buildRules = (
			);
			dependencies = (
			);
			name = tummoc;
			productName = tummoc;
			productReference = 0387DCE82B627D3D005B1E77 /* tummoc.app */;
			productType = "com.apple.product-type.application";
		};
/* End PBXNativeTarget section */

/* Begin PBXProject section */
		0387DCE02B627D3D005B1E77 /* Project object */ = {
			isa = PBXProject;
			attributes = {
				BuildIndependentTargetsInParallel = 1;
				LastSwiftUpdateCheck = 1500;
				LastUpgradeCheck = 1500;
				TargetAttributes = {
					0387DCE72B627D3D005B1E77 = {
						CreatedOnToolsVersion = 15.0.1;
					};
				};
			};
			buildConfigurationList = 0387DCE32B627D3D005B1E77 /* Build configuration list for PBXProject "tummoc" */;
			compatibilityVersion = "Xcode 14.0";
			developmentRegion = en;
			hasScannedForEncodings = 0;
			knownRegions = (
				en,
				Base,
			);
			mainGroup = 0387DCDF2B627D3D005B1E77;
			productRefGroup = 0387DCE92B627D3D005B1E77 /* Products */;
			projectDirPath = "";
			projectRoot = "";
			targets = (
				0387DCE72B627D3D005B1E77 /* tummoc */,
			);
		};
/* End PBXProject section */

/* Begin PBXResourcesBuildPhase section */
		0387DCE62B627D3D005B1E77 /* Resources */ = {
			isa = PBXResourcesBuildPhase;
			buildActionMask = 2147483647;
			files = (
				0387DCF32B627D3F005B1E77 /* Preview Assets.xcassets in Resources */,
				0387DCF02B627D3F005B1E77 /* Assets.xcassets in Resources */,
			);
			runOnlyForDeploymentPostprocessing = 0;
		};
/* End PBXResourcesBuildPhase section */

/* Begin PBXSourcesBuildPhase section */
		0387DCE42B627D3D005B1E77 /* Sources */ = {
			isa = PBXSourcesBuildPhase;
			buildActionMask = 2147483647;
			files = (
				0387DD002B628A00005B1E77 /* CartView.swift in Sources */,
				0387DCFE2B628948005B1E77 /* ItemDetailView.swift in Sources */,
				03348BDB2B67031B002F1257 /* CreaterDetailsView.swift in Sources */,
				03348BD52B66E0F9002F1257 /* MainPageViewViewModel.swift in Sources */,
				0387DCEE2B627D3D005B1E77 /* MainPageView.swift in Sources */,
				0387DCFA2B62884F005B1E77 /* item.swift in Sources */,
				0387DCFC2B6288EA005B1E77 /* ItemRowView.swift in Sources */,
				0387DD022B628EBB005B1E77 /* FavoritesView.swift in Sources */,
				0387DD062B62AF89005B1E77 /* FloatingCategoriesButton.swift in Sources */,
				0387DD042B628F36005B1E77 /* URLImage.swift in Sources */,
				0387DCEC2B627D3D005B1E77 /* tummocApp.swift in Sources */,
				0387DD082B62AFC3005B1E77 /* CategoriesSheet.swift in Sources */,
			);
			runOnlyForDeploymentPostprocessing = 0;
		};
/* End PBXSourcesBuildPhase section */

/* Begin XCBuildConfiguration section */
		0387DCF42B627D3F005B1E77 /* Debug */ = {
			isa = XCBuildConfiguration;
			buildSettings = {
				ALWAYS_SEARCH_USER_PATHS = NO;
				ASSETCATALOG_COMPILER_GENERATE_SWIFT_ASSET_SYMBOL_EXTENSIONS = YES;
				CLANG_ANALYZER_NONNULL = YES;
				CLANG_ANALYZER_NUMBER_OBJECT_CONVERSION = YES_AGGRESSIVE;
				CLANG_CXX_LANGUAGE_STANDARD = "gnu++20";
				CLANG_ENABLE_MODULES = YES;
				CLANG_ENABLE_OBJC_ARC = YES;
				CLANG_ENABLE_OBJC_WEAK = YES;
				CLANG_WARN_BLOCK_CAPTURE_AUTORELEASING = YES;
				CLANG_WARN_BOOL_CONVERSION = YES;
				CLANG_WARN_COMMA = YES;
				CLANG_WARN_CONSTANT_CONVERSION = YES;
				CLANG_WARN_DEPRECATED_OBJC_IMPLEMENTATIONS = YES;
				CLANG_WARN_DIRECT_OBJC_ISA_USAGE = YES_ERROR;
				CLANG_WARN_DOCUMENTATION_COMMENTS = YES;
				CLANG_WARN_EMPTY_BODY = YES;
				CLANG_WARN_ENUM_CONVERSION = YES;
				CLANG_WARN_INFINITE_RECURSION = YES;
				CLANG_WARN_INT_CONVERSION = YES;
				CLANG_WARN_NON_LITERAL_NULL_CONVERSION = YES;
				CLANG_WARN_OBJC_IMPLICIT_RETAIN_SELF = YES;
				CLANG_WARN_OBJC_LITERAL_CONVERSION = YES;
				CLANG_WARN_OBJC_ROOT_CLASS = YES_ERROR;
				CLANG_WARN_QUOTED_INCLUDE_IN_FRAMEWORK_HEADER = YES;
				CLANG_WARN_RANGE_LOOP_ANALYSIS = YES;
				CLANG_WARN_STRICT_PROTOTYPES = YES;
				CLANG_WARN_SUSPICIOUS_MOVE = YES;
				CLANG_WARN_UNGUARDED_AVAILABILITY = YES_AGGRESSIVE;
				CLANG_WARN_UNREACHABLE_CODE = YES;
				CLANG_WARN__DUPLICATE_METHOD_MATCH = YES;
				COPY_PHASE_STRIP = NO;
				DEBUG_INFORMATION_FORMAT = dwarf;
				ENABLE_STRICT_OBJC_MSGSEND = YES;
				ENABLE_TESTABILITY = YES;
				ENABLE_USER_SCRIPT_SANDBOXING = YES;
				GCC_C_LANGUAGE_STANDARD = gnu17;
				GCC_DYNAMIC_NO_PIC = NO;
				GCC_NO_COMMON_BLOCKS = YES;
				GCC_OPTIMIZATION_LEVEL = 0;
				GCC_PREPROCESSOR_DEFINITIONS = (
					"DEBUG=1",
					"$(inherited)",
				);
				GCC_WARN_64_TO_32_BIT_CONVERSION = YES;
				GCC_WARN_ABOUT_RETURN_TYPE = YES_ERROR;
				GCC_WARN_UNDECLARED_SELECTOR = YES;
				GCC_WARN_UNINITIALIZED_AUTOS = YES_AGGRESSIVE;
				GCC_WARN_UNUSED_FUNCTION = YES;
				GCC_WARN_UNUSED_VARIABLE = YES;
				IPHONEOS_DEPLOYMENT_TARGET = 17.0;
				LOCALIZATION_PREFERS_STRING_CATALOGS = YES;
				MTL_ENABLE_DEBUG_INFO = INCLUDE_SOURCE;
				MTL_FAST_MATH = YES;
				ONLY_ACTIVE_ARCH = YES;
				SDKROOT = iphoneos;
				SWIFT_ACTIVE_COMPILATION_CONDITIONS = "DEBUG $(inherited)";
				SWIFT_OPTIMIZATION_LEVEL = "-Onone";
			};
			name = Debug;
		};
		0387DCF52B627D3F005B1E77 /* Release */ = {
			isa = XCBuildConfiguration;
			buildSettings = {
				ALWAYS_SEARCH_USER_PATHS = NO;
				ASSETCATALOG_COMPILER_GENERATE_SWIFT_ASSET_SYMBOL_EXTENSIONS = YES;
				CLANG_ANALYZER_NONNULL = YES;
				CLANG_ANALYZER_NUMBER_OBJECT_CONVERSION = YES_AGGRESSIVE;
				CLANG_CXX_LANGUAGE_STANDARD = "gnu++20";
				CLANG_ENABLE_MODULES = YES;
				CLANG_ENABLE_OBJC_ARC = YES;
				CLANG_ENABLE_OBJC_WEAK = YES;
				CLANG_WARN_BLOCK_CAPTURE_AUTORELEASING = YES;
				CLANG_WARN_BOOL_CONVERSION = YES;
				CLANG_WARN_COMMA = YES;
				CLANG_WARN_CONSTANT_CONVERSION = YES;
				CLANG_WARN_DEPRECATED_OBJC_IMPLEMENTATIONS = YES;
				CLANG_WARN_DIRECT_OBJC_ISA_USAGE = YES_ERROR;
				CLANG_WARN_DOCUMENTATION_COMMENTS = YES;
				CLANG_WARN_EMPTY_BODY = YES;
				CLANG_WARN_ENUM_CONVERSION = YES;
				CLANG_WARN_INFINITE_RECURSION = YES;
				CLANG_WARN_INT_CONVERSION = YES;
				CLANG_WARN_NON_LITERAL_NULL_CONVERSION = YES;
				CLANG_WARN_OBJC_IMPLICIT_RETAIN_SELF = YES;
				CLANG_WARN_OBJC_LITERAL_CONVERSION = YES;
				CLANG_WARN_OBJC_ROOT_CLASS = YES_ERROR;
				CLANG_WARN_QUOTED_INCLUDE_IN_FRAMEWORK_HEADER = YES;
				CLANG_WARN_RANGE_LOOP_ANALYSIS = YES;
				CLANG_WARN_STRICT_PROTOTYPES = YES;
				CLANG_WARN_SUSPICIOUS_MOVE = YES;
				CLANG_WARN_UNGUARDED_AVAILABILITY = YES_AGGRESSIVE;
				CLANG_WARN_UNREACHABLE_CODE = YES;
				CLANG_WARN__DUPLICATE_METHOD_MATCH = YES;
				COPY_PHASE_STRIP = NO;
				DEBUG_INFORMATION_FORMAT = "dwarf-with-dsym";
				ENABLE_NS_ASSERTIONS = NO;
				ENABLE_STRICT_OBJC_MSGSEND = YES;
				ENABLE_USER_SCRIPT_SANDBOXING = YES;
				GCC_C_LANGUAGE_STANDARD = gnu17;
				GCC_NO_COMMON_BLOCKS = YES;
				GCC_WARN_64_TO_32_BIT_CONVERSION = YES;
				GCC_WARN_ABOUT_RETURN_TYPE = YES_ERROR;
				GCC_WARN_UNDECLARED_SELECTOR = YES;
				GCC_WARN_UNINITIALIZED_AUTOS = YES_AGGRESSIVE;
				GCC_WARN_UNUSED_FUNCTION = YES;
				GCC_WARN_UNUSED_VARIABLE = YES;
				IPHONEOS_DEPLOYMENT_TARGET = 17.0;
				LOCALIZATION_PREFERS_STRING_CATALOGS = YES;
				MTL_ENABLE_DEBUG_INFO = NO;
				MTL_FAST_MATH = YES;
				SDKROOT = iphoneos;
				SWIFT_COMPILATION_MODE = wholemodule;
				VALIDATE_PRODUCT = YES;
			};
			name = Release;
		};
		0387DCF72B627D3F005B1E77 /* Debug */ = {
			isa = XCBuildConfiguration;
			buildSettings = {
				ASSETCATALOG_COMPILER_APPICON_NAME = AppIcon;
				ASSETCATALOG_COMPILER_GLOBAL_ACCENT_COLOR_NAME = AccentColor;
				CODE_SIGN_STYLE = Automatic;
				CURRENT_PROJECT_VERSION = 1;
				DEVELOPMENT_ASSET_PATHS = "\"tummoc/Preview Content\"";
				ENABLE_PREVIEWS = YES;
				GENERATE_INFOPLIST_FILE = YES;
				INFOPLIST_KEY_UIApplicationSceneManifest_Generation = YES;
				INFOPLIST_KEY_UIApplicationSupportsIndirectInputEvents = YES;
				INFOPLIST_KEY_UILaunchScreen_Generation = YES;
				INFOPLIST_KEY_UISupportedInterfaceOrientations_iPad = "UIInterfaceOrientationPortrait UIInterfaceOrientationPortraitUpsideDown UIInterfaceOrientationLandscapeLeft UIInterfaceOrientationLandscapeRight";
				INFOPLIST_KEY_UISupportedInterfaceOrientations_iPhone = "UIInterfaceOrientationPortrait UIInterfaceOrientationLandscapeLeft UIInterfaceOrientationLandscapeRight";
				LD_RUNPATH_SEARCH_PATHS = (
					"$(inherited)",
					"@executable_path/Frameworks",
				);
				MARKETING_VERSION = 1.0;
				PRODUCT_BUNDLE_IDENTIFIER = com.apifetch.tummoc;
				PRODUCT_NAME = "$(TARGET_NAME)";
				SWIFT_EMIT_LOC_STRINGS = YES;
				SWIFT_VERSION = 5.0;
				TARGETED_DEVICE_FAMILY = "1,2";
			};
			name = Debug;
		};
		0387DCF82B627D3F005B1E77 /* Release */ = {
			isa = XCBuildConfiguration;
			buildSettings = {
				ASSETCATALOG_COMPILER_APPICON_NAME = AppIcon;
				ASSETCATALOG_COMPILER_GLOBAL_ACCENT_COLOR_NAME = AccentColor;
				CODE_SIGN_STYLE = Automatic;
				CURRENT_PROJECT_VERSION = 1;
				DEVELOPMENT_ASSET_PATHS = "\"tummoc/Preview Content\"";
				ENABLE_PREVIEWS = YES;
				GENERATE_INFOPLIST_FILE = YES;
				INFOPLIST_KEY_UIApplicationSceneManifest_Generation = YES;
				INFOPLIST_KEY_UIApplicationSupportsIndirectInputEvents = YES;
				INFOPLIST_KEY_UILaunchScreen_Generation = YES;
				INFOPLIST_KEY_UISupportedInterfaceOrientations_iPad = "UIInterfaceOrientationPortrait UIInterfaceOrientationPortraitUpsideDown UIInterfaceOrientationLandscapeLeft UIInterfaceOrientationLandscapeRight";
				INFOPLIST_KEY_UISupportedInterfaceOrientations_iPhone = "UIInterfaceOrientationPortrait UIInterfaceOrientationLandscapeLeft UIInterfaceOrientationLandscapeRight";
				LD_RUNPATH_SEARCH_PATHS = (
					"$(inherited)",
					"@executable_path/Frameworks",
				);
				MARKETING_VERSION = 1.0;
				PRODUCT_BUNDLE_IDENTIFIER = com.apifetch.tummoc;
				PRODUCT_NAME = "$(TARGET_NAME)";
				SWIFT_EMIT_LOC_STRINGS = YES;
				SWIFT_VERSION = 5.0;
				TARGETED_DEVICE_FAMILY = "1,2";
			};
			name = Release;
		};
/* End XCBuildConfiguration section */

/* Begin XCConfigurationList section */
		0387DCE32B627D3D005B1E77 /* Build configuration list for PBXProject "tummoc" */ = {
			isa = XCConfigurationList;
			buildConfigurations = (
				0387DCF42B627D3F005B1E77 /* Debug */,
				0387DCF52B627D3F005B1E77 /* Release */,
			);
			defaultConfigurationIsVisible = 0;
			defaultConfigurationName = Release;
		};
		0387DCF62B627D3F005B1E77 /* Build configuration list for PBXNativeTarget "tummoc" */ = {
			isa = XCConfigurationList;
			buildConfigurations = (
				0387DCF72B627D3F005B1E77 /* Debug */,
				0387DCF82B627D3F005B1E77 /* Release */,
			);
			defaultConfigurationIsVisible = 0;
			defaultConfigurationName = Release;
		};
/* End XCConfigurationList section */
	};
	rootObject = 0387DCE02B627D3D005B1E77 /* Project object */;
}
